
Microsoft Visual Studio Solution File, Format Version 12.00
# Visual Studio Version 17
VisualStudioVersion = 17.2.32516.85
MinimumVisualStudioVersion = 10.0.40219.1
Project("{9A19103F-16F7-4668-BE54-9A1E7A4F7556}") = "CompanyEmployees", "CompanyEmployees\CompanyEmployees.csproj", "{548AA7ED-2BD4-40DE-81D1-59762AA69A50}"
EndProject
Project("{9A19103F-16F7-4668-BE54-9A1E7A4F7556}") = "Contracts", "Contracts\Contracts.csproj", "{236AB818-1BE7-4379-BBC5-D979F1BAAFD7}"
EndProject
Project("{9A19103F-16F7-4668-BE54-9A1E7A4F7556}") = "LoggerService", "LoggerService\LoggerService.csproj", "{520D42C2-3F41-4841-B1B3-A4C2E49EE4F6}"
EndProject
Project("{FAE04EC0-301F-11D3-BF4B-00C04F79EFBC}") = "Entities", "Entities\Entities.csproj", "{F64A59DA-5603-47C1-A03A-612775DB45B3}"
EndProject
Project("{FAE04EC0-301F-11D3-BF4B-00C04F79EFBC}") = "Repository", "Repository\Repository.csproj", "{1642AA80-3059-4F6E-BF9A-8809E712AD87}"
EndProject
Global
	GlobalSection(SolutionConfigurationPlatforms) = preSolution
		Debug|Any CPU = Debug|Any CPU
		Release|Any CPU = Release|Any CPU
	EndGlobalSection
	GlobalSection(ProjectConfigurationPlatforms) = postSolution
		{548AA7ED-2BD4-40DE-81D1-59762AA69A50}.Debug|Any CPU.ActiveCfg = Debug|Any CPU
		{548AA7ED-2BD4-40DE-81D1-59762AA69A50}.Debug|Any CPU.Build.0 = Debug|Any CPU
		{548AA7ED-2BD4-40DE-81D1-59762AA69A50}.Release|Any CPU.ActiveCfg = Release|Any CPU
		{548AA7ED-2BD4-40DE-81D1-59762AA69A50}.Release|Any CPU.Build.0 = Release|Any CPU
		{236AB818-1BE7-4379-BBC5-D979F1BAAFD7}.Debug|Any CPU.ActiveCfg = Debug|Any CPU
		{236AB818-1BE7-4379-BBC5-D979F1BAAFD7}.Debug|Any CPU.Build.0 = Debug|Any CPU
		{236AB818-1BE7-4379-BBC5-D979F1BAAFD7}.Release|Any CPU.ActiveCfg = Release|Any CPU
		{236AB818-1BE7-4379-BBC5-D979F1BAAFD7}.Release|Any CPU.Build.0 = Release|Any CPU
		{520D42C2-3F41-4841-B1B3-A4C2E49EE4F6}.Debug|Any CPU.ActiveCfg = Debug|Any CPU
		{520D42C2-3F41-4841-B1B3-A4C2E49EE4F6}.Debug|Any CPU.Build.0 = Debug|Any CPU
		{520D42C2-3F41-4841-B1B3-A4C2E49EE4F6}.Release|Any CPU.ActiveCfg = Release|Any CPU
		{520D42C2-3F41-4841-B1B3-A4C2E49EE4F6}.Release|Any CPU.Build.0 = Release|Any CPU
		{F64A59DA-5603-47C1-A03A-612775DB45B3}.Debug|Any CPU.ActiveCfg = Debug|Any CPU
		{F64A59DA-5603-47C1-A03A-612775DB45B3}.Debug|Any CPU.Build.0 = Debug|Any CPU
		{F64A59DA-5603-47C1-A03A-612775DB45B3}.Release|Any CPU.ActiveCfg = Release|Any CPU
		{F64A59DA-5603-47C1-A03A-612775DB45B3}.Release|Any CPU.Build.0 = Release|Any CPU
		{1642AA80-3059-4F6E-BF9A-8809E712AD87}.Debug|Any CPU.ActiveCfg = Debug|Any CPU
		{1642AA80-3059-4F6E-BF9A-8809E712AD87}.Debug|Any CPU.Build.0 = Debug|Any CPU
		{1642AA80-3059-4F6E-BF9A-8809E712AD87}.Release|Any CPU.ActiveCfg = Release|Any CPU
		{1642AA80-3059-4F6E-BF9A-8809E712AD87}.Release|Any CPU.Build.0 = Release|Any CPU
	EndGlobalSection
	GlobalSection(SolutionProperties) = preSolution
		HideSolutionNode = FALSE
	EndGlobalSection
	GlobalSection(ExtensibilityGlobals) = postSolution
		SolutionGuid = {65E49BDE-D821-44CA-BB0D-8A9B1C3E7809}
	EndGlobalSection
EndGlobal
